
Microsoft Visual Studio Solution File, Format Version 12.00
# Visual Studio Version 17
VisualStudioVersion = 17.8.34525.116
MinimumVisualStudioVersion = 10.0.40219.1
Project("{FAE04EC0-301F-11D3-BF4B-00C04F79EFBC}") = "TTN", "TTN\TTN.csproj", "{70901C88-07EA-4509-9ED8-A447D3926EAA}"
EndProject
Global
	GlobalSection(SolutionConfigurationPlatforms) = preSolution
		Debug|Any CPU = Debug|Any CPU
		Release|Any CPU = Release|Any CPU
	EndGlobalSection
	GlobalSection(ProjectConfigurationPlatforms) = postSolution
		{70901C88-07EA-4509-9ED8-A447D3926EAA}.Debug|Any CPU.ActiveCfg = Debug|Any CPU
		{70901C88-07EA-4509-9ED8-A447D3926EAA}.Debug|Any CPU.Build.0 = Debug|Any CPU
		{70901C88-07EA-4509-9ED8-A447D3926EAA}.Release|Any CPU.ActiveCfg = Release|Any CPU
		{70901C88-07EA-4509-9ED8-A447D3926EAA}.Release|Any CPU.Build.0 = Release|Any CPU
	EndGlobalSection
	GlobalSection(SolutionProperties) = preSolution
		HideSolutionNode = FALSE
	EndGlobalSection
	GlobalSection(ExtensibilityGlobals) = postSolution
		SolutionGuid = {BA29D3BE-A702-4E94-A468-6EEBA7B08E51}
	EndGlobalSection
EndGlobal
